
Microsoft Visual Studio Solution File, Format Version 12.00
# Visual Studio Version 17
VisualStudioVersion = 17.0.31903.59
MinimumVisualStudioVersion = 10.0.40219.1
Project("{FAE04EC0-301F-11D3-BF4B-00C04F79EFBC}") = "MauiSparkline", "MauiSparkline.csproj", "{F8801819-5094-408B-B1F1-FEA9EDCEEE3D}"
EndProject
Project("{FAE04EC0-301F-11D3-BF4B-00C04F79EFBC}") = "Plugin.Maui.SparkLine", "..\src\Plugin.Maui.Sparkline\Plugin.Maui.SparkLine.csproj", "{5A0923F1-7168-4E37-B6C8-595D927AAD5E}"
EndProject
Global
	GlobalSection(SolutionConfigurationPlatforms) = preSolution
		Debug|Any CPU = Debug|Any CPU
		Debug|x64 = Debug|x64
		Debug|x86 = Debug|x86
		Release|Any CPU = Release|Any CPU
		Release|x64 = Release|x64
		Release|x86 = Release|x86
	EndGlobalSection
	GlobalSection(ProjectConfigurationPlatforms) = postSolution
		{F8801819-5094-408B-B1F1-FEA9EDCEEE3D}.Debug|Any CPU.ActiveCfg = Debug|Any CPU
		{F8801819-5094-408B-B1F1-FEA9EDCEEE3D}.Debug|Any CPU.Build.0 = Debug|Any CPU
		{F8801819-5094-408B-B1F1-FEA9EDCEEE3D}.Debug|x64.ActiveCfg = Debug|Any CPU
		{F8801819-5094-408B-B1F1-FEA9EDCEEE3D}.Debug|x64.Build.0 = Debug|Any CPU
		{F8801819-5094-408B-B1F1-FEA9EDCEEE3D}.Debug|x86.ActiveCfg = Debug|Any CPU
		{F8801819-5094-408B-B1F1-FEA9EDCEEE3D}.Debug|x86.Build.0 = Debug|Any CPU
		{F8801819-5094-408B-B1F1-FEA9EDCEEE3D}.Release|Any CPU.ActiveCfg = Release|Any CPU
		{F8801819-5094-408B-B1F1-FEA9EDCEEE3D}.Release|Any CPU.Build.0 = Release|Any CPU
		{F8801819-5094-408B-B1F1-FEA9EDCEEE3D}.Release|x64.ActiveCfg = Release|Any CPU
		{F8801819-5094-408B-B1F1-FEA9EDCEEE3D}.Release|x64.Build.0 = Release|Any CPU
		{F8801819-5094-408B-B1F1-FEA9EDCEEE3D}.Release|x86.ActiveCfg = Release|Any CPU
		{F8801819-5094-408B-B1F1-FEA9EDCEEE3D}.Release|x86.Build.0 = Release|Any CPU
		{5A0923F1-7168-4E37-B6C8-595D927AAD5E}.Debug|Any CPU.ActiveCfg = Debug|Any CPU
		{5A0923F1-7168-4E37-B6C8-595D927AAD5E}.Debug|Any CPU.Build.0 = Debug|Any CPU
		{5A0923F1-7168-4E37-B6C8-595D927AAD5E}.Debug|x64.ActiveCfg = Debug|Any CPU
		{5A0923F1-7168-4E37-B6C8-595D927AAD5E}.Debug|x64.Build.0 = Debug|Any CPU
		{5A0923F1-7168-4E37-B6C8-595D927AAD5E}.Debug|x86.ActiveCfg = Debug|Any CPU
		{5A0923F1-7168-4E37-B6C8-595D927AAD5E}.Debug|x86.Build.0 = Debug|Any CPU
		{5A0923F1-7168-4E37-B6C8-595D927AAD5E}.Release|Any CPU.ActiveCfg = Release|Any CPU
		{5A0923F1-7168-4E37-B6C8-595D927AAD5E}.Release|Any CPU.Build.0 = Release|Any CPU
		{5A0923F1-7168-4E37-B6C8-595D927AAD5E}.Release|x64.ActiveCfg = Release|Any CPU
		{5A0923F1-7168-4E37-B6C8-595D927AAD5E}.Release|x64.Build.0 = Release|Any CPU
		{5A0923F1-7168-4E37-B6C8-595D927AAD5E}.Release|x86.ActiveCfg = Release|Any CPU
		{5A0923F1-7168-4E37-B6C8-595D927AAD5E}.Release|x86.Build.0 = Release|Any CPU
	EndGlobalSection
	GlobalSection(SolutionProperties) = preSolution
		HideSolutionNode = FALSE
	EndGlobalSection
EndGlobal
